
Microsoft Visual Studio Solution File, Format Version 10.00
# Visual Studio 2008
Project("{FAE04EC0-301F-11D3-BF4B-00C04F79EFBC}") = "MySuperDuperApp", "MySuperDuperApp\MySuperDuperApp.csproj", "{7BBA7AB1-36EE-4223-9550-2CE78302E13D}"
EndProject
Global
	GlobalSection(SolutionConfigurationPlatforms) = preSolution
		Debug|Any CPU = Debug|Any CPU
		Release|Any CPU = Release|Any CPU
	EndGlobalSection
	GlobalSection(ProjectConfigurationPlatforms) = postSolution
		{7BBA7AB1-36EE-4223-9550-2CE78302E13D}.Debug|Any CPU.ActiveCfg = Debug|Any CPU
		{7BBA7AB1-36EE-4223-9550-2CE78302E13D}.Debug|Any CPU.Build.0 = Debug|Any CPU
		{7BBA7AB1-36EE-4223-9550-2CE78302E13D}.Release|Any CPU.ActiveCfg = Release|Any CPU
		{7BBA7AB1-36EE-4223-9550-2CE78302E13D}.Release|Any CPU.Build.0 = Release|Any CPU
	EndGlobalSection
	GlobalSection(SolutionProperties) = preSolution
		HideSolutionNode = FALSE
	EndGlobalSection
EndGlobal
